
Microsoft Visual Studio Solution File, Format Version 12.00
# Visual Studio Version 16
VisualStudioVersion = 16.0.29201.188
MinimumVisualStudioVersion = 10.0.40219.1
Project("{9A19103F-16F7-4668-BE54-9A1E7A4F7556}") = "Domain.Accounts", "Domain.Accounts\Domain.Accounts.csproj", "{638FFFC2-0B56-4BB2-A7A5-D58A36C58E98}"
EndProject
Project("{9A19103F-16F7-4668-BE54-9A1E7A4F7556}") = "Domain.Abstractions", "Domain.Abstractions\Domain.Abstractions.csproj", "{8C57E97A-7259-4E8E-80F8-C79314E5A9C5}"
EndProject
Project("{9A19103F-16F7-4668-BE54-9A1E7A4F7556}") = "Domain.Accounts.Tests", "Domain.Accounts.Tests\Domain.Accounts.Tests.csproj", "{AEB532D6-9123-4A54-BE35-23356BE0B3F8}"
EndProject
Project("{9A19103F-16F7-4668-BE54-9A1E7A4F7556}") = "Logging", "Logging\Logging.csproj", "{6EC68849-7975-4A2D-8951-14C9BCA01429}"
EndProject
Project("{9A19103F-16F7-4668-BE54-9A1E7A4F7556}") = "Logging.Tests", "Logging.Tests\Logging.Tests.csproj", "{03CD6961-52A2-4C64-ABF0-DBADFBE59CB4}"
EndProject
Project("{2150E333-8FDC-42A3-9474-1A3956D46DE8}") = "Tests", "Tests", "{49C57272-04CF-4914-BA81-2639CAE61BE3}"
EndProject
Project("{9A19103F-16F7-4668-BE54-9A1E7A4F7556}") = "Repository.Mongo", "Repository.Mongo\Repository.Mongo.csproj", "{103C7004-8714-4FCE-9E96-9B9DB0D1B01D}"
EndProject
Project("{9A19103F-16F7-4668-BE54-9A1E7A4F7556}") = "Repository.Mongo.Tests", "Repository.Mongo.Tests\Repository.Mongo.Tests.csproj", "{220805F0-968D-4FEF-91F6-EFDF3F4BB1C8}"
EndProject
Project("{9A19103F-16F7-4668-BE54-9A1E7A4F7556}") = "Scripts", "Scripts\Scripts.csproj", "{8683BE18-AED7-4D66-A9D3-2CA2E8938D41}"
EndProject
Project("{9A19103F-16F7-4668-BE54-9A1E7A4F7556}") = "Security.Extensions.Tests", "Extensions.Security.Tests\Security.Extensions.Tests.csproj", "{2E46C841-190F-4A10-A176-F325E34FC904}"
EndProject
Project("{9A19103F-16F7-4668-BE54-9A1E7A4F7556}") = "Extensions.Security", "Extensions.Security\Extensions.Security.csproj", "{3C395002-60E4-44E6-90BB-A52757CFBB86}"
EndProject
Project("{9A19103F-16F7-4668-BE54-9A1E7A4F7556}") = "WebApp", "WebApp\WebApp.csproj", "{7F0AD741-1B56-4DAB-A125-663CF1BD178E}"
EndProject
Project("{9A19103F-16F7-4668-BE54-9A1E7A4F7556}") = "DependencyInjection", "DependencyInjection\DependencyInjection.csproj", "{4B8D1FAD-FECF-4589-A175-0EA16C65AB6A}"
EndProject
Project("{9A19103F-16F7-4668-BE54-9A1E7A4F7556}") = "Repository.Abstractions", "Repository.Abstractions\Repository.Abstractions.csproj", "{359E4449-DE82-437E-B79E-6FBDA89FF06A}"
EndProject
Project("{FAE04EC0-301F-11D3-BF4B-00C04F79EFBC}") = "Domain.Ping", "Domain.Ping\Domain.Ping.csproj", "{27ACF593-50A2-40F5-983E-C5C46865C6BF}"
EndProject
Project("{FAE04EC0-301F-11D3-BF4B-00C04F79EFBC}") = "Domain.Ping.Tests", "Domain.Ping.Tests\Domain.Ping.Tests.csproj", "{F7BB0A46-CD05-47B9-AAF9-9514AFDA8F9F}"
EndProject
Global
	GlobalSection(SolutionConfigurationPlatforms) = preSolution
		Debug|Any CPU = Debug|Any CPU
		Release|Any CPU = Release|Any CPU
	EndGlobalSection
	GlobalSection(ProjectConfigurationPlatforms) = postSolution
		{638FFFC2-0B56-4BB2-A7A5-D58A36C58E98}.Debug|Any CPU.ActiveCfg = Debug|Any CPU
		{638FFFC2-0B56-4BB2-A7A5-D58A36C58E98}.Debug|Any CPU.Build.0 = Debug|Any CPU
		{638FFFC2-0B56-4BB2-A7A5-D58A36C58E98}.Release|Any CPU.ActiveCfg = Release|Any CPU
		{638FFFC2-0B56-4BB2-A7A5-D58A36C58E98}.Release|Any CPU.Build.0 = Release|Any CPU
		{8C57E97A-7259-4E8E-80F8-C79314E5A9C5}.Debug|Any CPU.ActiveCfg = Debug|Any CPU
		{8C57E97A-7259-4E8E-80F8-C79314E5A9C5}.Debug|Any CPU.Build.0 = Debug|Any CPU
		{8C57E97A-7259-4E8E-80F8-C79314E5A9C5}.Release|Any CPU.ActiveCfg = Release|Any CPU
		{8C57E97A-7259-4E8E-80F8-C79314E5A9C5}.Release|Any CPU.Build.0 = Release|Any CPU
		{AEB532D6-9123-4A54-BE35-23356BE0B3F8}.Debug|Any CPU.ActiveCfg = Debug|Any CPU
		{AEB532D6-9123-4A54-BE35-23356BE0B3F8}.Debug|Any CPU.Build.0 = Debug|Any CPU
		{AEB532D6-9123-4A54-BE35-23356BE0B3F8}.Release|Any CPU.ActiveCfg = Release|Any CPU
		{AEB532D6-9123-4A54-BE35-23356BE0B3F8}.Release|Any CPU.Build.0 = Release|Any CPU
		{6EC68849-7975-4A2D-8951-14C9BCA01429}.Debug|Any CPU.ActiveCfg = Debug|Any CPU
		{6EC68849-7975-4A2D-8951-14C9BCA01429}.Debug|Any CPU.Build.0 = Debug|Any CPU
		{6EC68849-7975-4A2D-8951-14C9BCA01429}.Release|Any CPU.ActiveCfg = Release|Any CPU
		{6EC68849-7975-4A2D-8951-14C9BCA01429}.Release|Any CPU.Build.0 = Release|Any CPU
		{03CD6961-52A2-4C64-ABF0-DBADFBE59CB4}.Debug|Any CPU.ActiveCfg = Debug|Any CPU
		{03CD6961-52A2-4C64-ABF0-DBADFBE59CB4}.Debug|Any CPU.Build.0 = Debug|Any CPU
		{03CD6961-52A2-4C64-ABF0-DBADFBE59CB4}.Release|Any CPU.ActiveCfg = Release|Any CPU
		{03CD6961-52A2-4C64-ABF0-DBADFBE59CB4}.Release|Any CPU.Build.0 = Release|Any CPU
		{103C7004-8714-4FCE-9E96-9B9DB0D1B01D}.Debug|Any CPU.ActiveCfg = Debug|Any CPU
		{103C7004-8714-4FCE-9E96-9B9DB0D1B01D}.Debug|Any CPU.Build.0 = Debug|Any CPU
		{103C7004-8714-4FCE-9E96-9B9DB0D1B01D}.Release|Any CPU.ActiveCfg = Release|Any CPU
		{103C7004-8714-4FCE-9E96-9B9DB0D1B01D}.Release|Any CPU.Build.0 = Release|Any CPU
		{220805F0-968D-4FEF-91F6-EFDF3F4BB1C8}.Debug|Any CPU.ActiveCfg = Debug|Any CPU
		{220805F0-968D-4FEF-91F6-EFDF3F4BB1C8}.Debug|Any CPU.Build.0 = Debug|Any CPU
		{220805F0-968D-4FEF-91F6-EFDF3F4BB1C8}.Release|Any CPU.ActiveCfg = Release|Any CPU
		{220805F0-968D-4FEF-91F6-EFDF3F4BB1C8}.Release|Any CPU.Build.0 = Release|Any CPU
		{8683BE18-AED7-4D66-A9D3-2CA2E8938D41}.Debug|Any CPU.ActiveCfg = Debug|Any CPU
		{8683BE18-AED7-4D66-A9D3-2CA2E8938D41}.Debug|Any CPU.Build.0 = Debug|Any CPU
		{8683BE18-AED7-4D66-A9D3-2CA2E8938D41}.Release|Any CPU.ActiveCfg = Release|Any CPU
		{8683BE18-AED7-4D66-A9D3-2CA2E8938D41}.Release|Any CPU.Build.0 = Release|Any CPU
		{2E46C841-190F-4A10-A176-F325E34FC904}.Debug|Any CPU.ActiveCfg = Debug|Any CPU
		{2E46C841-190F-4A10-A176-F325E34FC904}.Debug|Any CPU.Build.0 = Debug|Any CPU
		{2E46C841-190F-4A10-A176-F325E34FC904}.Release|Any CPU.ActiveCfg = Release|Any CPU
		{2E46C841-190F-4A10-A176-F325E34FC904}.Release|Any CPU.Build.0 = Release|Any CPU
		{3C395002-60E4-44E6-90BB-A52757CFBB86}.Debug|Any CPU.ActiveCfg = Debug|Any CPU
		{3C395002-60E4-44E6-90BB-A52757CFBB86}.Debug|Any CPU.Build.0 = Debug|Any CPU
		{3C395002-60E4-44E6-90BB-A52757CFBB86}.Release|Any CPU.ActiveCfg = Release|Any CPU
		{3C395002-60E4-44E6-90BB-A52757CFBB86}.Release|Any CPU.Build.0 = Release|Any CPU
		{7F0AD741-1B56-4DAB-A125-663CF1BD178E}.Debug|Any CPU.ActiveCfg = Debug|Any CPU
		{7F0AD741-1B56-4DAB-A125-663CF1BD178E}.Debug|Any CPU.Build.0 = Debug|Any CPU
		{7F0AD741-1B56-4DAB-A125-663CF1BD178E}.Release|Any CPU.ActiveCfg = Release|Any CPU
		{7F0AD741-1B56-4DAB-A125-663CF1BD178E}.Release|Any CPU.Build.0 = Release|Any CPU
		{4B8D1FAD-FECF-4589-A175-0EA16C65AB6A}.Debug|Any CPU.ActiveCfg = Debug|Any CPU
		{4B8D1FAD-FECF-4589-A175-0EA16C65AB6A}.Debug|Any CPU.Build.0 = Debug|Any CPU
		{4B8D1FAD-FECF-4589-A175-0EA16C65AB6A}.Release|Any CPU.ActiveCfg = Release|Any CPU
		{4B8D1FAD-FECF-4589-A175-0EA16C65AB6A}.Release|Any CPU.Build.0 = Release|Any CPU
		{359E4449-DE82-437E-B79E-6FBDA89FF06A}.Debug|Any CPU.ActiveCfg = Debug|Any CPU
		{359E4449-DE82-437E-B79E-6FBDA89FF06A}.Debug|Any CPU.Build.0 = Debug|Any CPU
		{359E4449-DE82-437E-B79E-6FBDA89FF06A}.Release|Any CPU.ActiveCfg = Release|Any CPU
		{359E4449-DE82-437E-B79E-6FBDA89FF06A}.Release|Any CPU.Build.0 = Release|Any CPU
		{27ACF593-50A2-40F5-983E-C5C46865C6BF}.Debug|Any CPU.ActiveCfg = Debug|Any CPU
		{27ACF593-50A2-40F5-983E-C5C46865C6BF}.Debug|Any CPU.Build.0 = Debug|Any CPU
		{27ACF593-50A2-40F5-983E-C5C46865C6BF}.Release|Any CPU.ActiveCfg = Release|Any CPU
		{27ACF593-50A2-40F5-983E-C5C46865C6BF}.Release|Any CPU.Build.0 = Release|Any CPU
		{F7BB0A46-CD05-47B9-AAF9-9514AFDA8F9F}.Debug|Any CPU.ActiveCfg = Debug|Any CPU
		{F7BB0A46-CD05-47B9-AAF9-9514AFDA8F9F}.Debug|Any CPU.Build.0 = Debug|Any CPU
		{F7BB0A46-CD05-47B9-AAF9-9514AFDA8F9F}.Release|Any CPU.ActiveCfg = Release|Any CPU
		{F7BB0A46-CD05-47B9-AAF9-9514AFDA8F9F}.Release|Any CPU.Build.0 = Release|Any CPU
	EndGlobalSection
	GlobalSection(SolutionProperties) = preSolution
		HideSolutionNode = FALSE
	EndGlobalSection
	GlobalSection(NestedProjects) = preSolution
		{AEB532D6-9123-4A54-BE35-23356BE0B3F8} = {49C57272-04CF-4914-BA81-2639CAE61BE3}
		{03CD6961-52A2-4C64-ABF0-DBADFBE59CB4} = {49C57272-04CF-4914-BA81-2639CAE61BE3}
		{220805F0-968D-4FEF-91F6-EFDF3F4BB1C8} = {49C57272-04CF-4914-BA81-2639CAE61BE3}
		{2E46C841-190F-4A10-A176-F325E34FC904} = {49C57272-04CF-4914-BA81-2639CAE61BE3}
		{F7BB0A46-CD05-47B9-AAF9-9514AFDA8F9F} = {49C57272-04CF-4914-BA81-2639CAE61BE3}
	EndGlobalSection
	GlobalSection(ExtensibilityGlobals) = postSolution
		SolutionGuid = {EEFD68EC-0F6F-4565-88F8-DCEA3A14B206}
	EndGlobalSection
EndGlobal
